
Microsoft Visual Studio Solution File, Format Version 12.00
# Visual Studio Version 17
VisualStudioVersion = 17.6.33801.468
MinimumVisualStudioVersion = 10.0.40219.1
Project("{8BC9CEB8-8B4A-11D0-8D11-00A0C91BC942}") = "stack", "stack\stack.vcxproj", "{6242C83C-8DED-44B5-87D0-C3E02792F8D5}"
EndProject
Global
	GlobalSection(SolutionConfigurationPlatforms) = preSolution
		Debug|x64 = Debug|x64
		Debug|x86 = Debug|x86
		Release|x64 = Release|x64
		Release|x86 = Release|x86
	EndGlobalSection
	GlobalSection(ProjectConfigurationPlatforms) = postSolution
		{6242C83C-8DED-44B5-87D0-C3E02792F8D5}.Debug|x64.ActiveCfg = Debug|x64
		{6242C83C-8DED-44B5-87D0-C3E02792F8D5}.Debug|x64.Build.0 = Debug|x64
		{6242C83C-8DED-44B5-87D0-C3E02792F8D5}.Debug|x86.ActiveCfg = Debug|Win32
		{6242C83C-8DED-44B5-87D0-C3E02792F8D5}.Debug|x86.Build.0 = Debug|Win32
		{6242C83C-8DED-44B5-87D0-C3E02792F8D5}.Release|x64.ActiveCfg = Release|x64
		{6242C83C-8DED-44B5-87D0-C3E02792F8D5}.Release|x64.Build.0 = Release|x64
		{6242C83C-8DED-44B5-87D0-C3E02792F8D5}.Release|x86.ActiveCfg = Release|Win32
		{6242C83C-8DED-44B5-87D0-C3E02792F8D5}.Release|x86.Build.0 = Release|Win32
	EndGlobalSection
	GlobalSection(SolutionProperties) = preSolution
		HideSolutionNode = FALSE
	EndGlobalSection
	GlobalSection(ExtensibilityGlobals) = postSolution
		SolutionGuid = {08B9FAEA-9A47-4910-9E08-4A8D78A1EF56}
	EndGlobalSection
EndGlobal
